# This file is automatically @generated by Cargo.
# It is not intended for manual editing.
version = 4

[[package]]
name = "exfetch"
version = "0.11.0"
dependencies = [
 "sysinfo_dot_h",
]

[[package]]
name = "sysinfo_dot_h"
version = "0.2.1"
source = "registry+https://github.com/rust-lang/crates.io-index"
checksum = "3f273297e58f575e4f2d3fa0c5a0fc6b922c8287b4b7edc09df0fd8f03d80353"
